
Microsoft Visual Studio Solution File, Format Version 12.00
# Visual Studio Version 17
VisualStudioVersion = 17.1.32228.430
MinimumVisualStudioVersion = 10.0.40219.1
Project("{2150E333-8FDC-42A3-9474-1A3956D46DE8}") = "Services", "Services", "{66759AE1-089A-4681-A9B1-B7AE021B2C58}"
EndProject
Project("{2150E333-8FDC-42A3-9474-1A3956D46DE8}") = "Catalog", "Catalog", "{33971023-FA4C-470A-8CC6-F50AA540C302}"
EndProject
Project("{FAE04EC0-301F-11D3-BF4B-00C04F79EFBC}") = "Catalog.API", "Services\Catalog\Catalog.API\Catalog.API.csproj", "{AC8502B9-0894-483B-8ECD-721A7C096130}"
EndProject
Project("{E53339B2-1760-4266-BCC7-CA923CBCF16C}") = "docker-compose", "docker-compose.dcproj", "{8E96081C-8D16-4E6E-AB01-41113CE646BA}"
EndProject
Project("{2150E333-8FDC-42A3-9474-1A3956D46DE8}") = "Basket", "Basket", "{A5DDF4C9-5247-467A-8619-22CF23BF065C}"
EndProject
Project("{FAE04EC0-301F-11D3-BF4B-00C04F79EFBC}") = "Cart.API", "Services\Basket\Cart.API\Cart.API.csproj", "{D1376FE3-9516-4AFB-8660-0308E736926A}"
EndProject
Project("{2150E333-8FDC-42A3-9474-1A3956D46DE8}") = "Discount", "Discount", "{1B73DC92-0794-4B5C-8A1E-A76FCDF5279B}"
EndProject
Project("{FAE04EC0-301F-11D3-BF4B-00C04F79EFBC}") = "Discount.API", "Services\Discount\Discount.API\Discount.API.csproj", "{060B97E6-FD8A-425B-BEF8-41F6E7FAF4C9}"
EndProject
Global
	GlobalSection(SolutionConfigurationPlatforms) = preSolution
		Debug|Any CPU = Debug|Any CPU
		Release|Any CPU = Release|Any CPU
	EndGlobalSection
	GlobalSection(ProjectConfigurationPlatforms) = postSolution
		{AC8502B9-0894-483B-8ECD-721A7C096130}.Debug|Any CPU.ActiveCfg = Debug|Any CPU
		{AC8502B9-0894-483B-8ECD-721A7C096130}.Debug|Any CPU.Build.0 = Debug|Any CPU
		{AC8502B9-0894-483B-8ECD-721A7C096130}.Release|Any CPU.ActiveCfg = Release|Any CPU
		{AC8502B9-0894-483B-8ECD-721A7C096130}.Release|Any CPU.Build.0 = Release|Any CPU
		{8E96081C-8D16-4E6E-AB01-41113CE646BA}.Debug|Any CPU.ActiveCfg = Debug|Any CPU
		{8E96081C-8D16-4E6E-AB01-41113CE646BA}.Debug|Any CPU.Build.0 = Debug|Any CPU
		{8E96081C-8D16-4E6E-AB01-41113CE646BA}.Release|Any CPU.ActiveCfg = Release|Any CPU
		{8E96081C-8D16-4E6E-AB01-41113CE646BA}.Release|Any CPU.Build.0 = Release|Any CPU
		{D1376FE3-9516-4AFB-8660-0308E736926A}.Debug|Any CPU.ActiveCfg = Debug|Any CPU
		{D1376FE3-9516-4AFB-8660-0308E736926A}.Debug|Any CPU.Build.0 = Debug|Any CPU
		{D1376FE3-9516-4AFB-8660-0308E736926A}.Release|Any CPU.ActiveCfg = Release|Any CPU
		{D1376FE3-9516-4AFB-8660-0308E736926A}.Release|Any CPU.Build.0 = Release|Any CPU
		{060B97E6-FD8A-425B-BEF8-41F6E7FAF4C9}.Debug|Any CPU.ActiveCfg = Debug|Any CPU
		{060B97E6-FD8A-425B-BEF8-41F6E7FAF4C9}.Debug|Any CPU.Build.0 = Debug|Any CPU
		{060B97E6-FD8A-425B-BEF8-41F6E7FAF4C9}.Release|Any CPU.ActiveCfg = Release|Any CPU
		{060B97E6-FD8A-425B-BEF8-41F6E7FAF4C9}.Release|Any CPU.Build.0 = Release|Any CPU
	EndGlobalSection
	GlobalSection(SolutionProperties) = preSolution
		HideSolutionNode = FALSE
	EndGlobalSection
	GlobalSection(NestedProjects) = preSolution
		{33971023-FA4C-470A-8CC6-F50AA540C302} = {66759AE1-089A-4681-A9B1-B7AE021B2C58}
		{AC8502B9-0894-483B-8ECD-721A7C096130} = {33971023-FA4C-470A-8CC6-F50AA540C302}
		{A5DDF4C9-5247-467A-8619-22CF23BF065C} = {66759AE1-089A-4681-A9B1-B7AE021B2C58}
		{D1376FE3-9516-4AFB-8660-0308E736926A} = {A5DDF4C9-5247-467A-8619-22CF23BF065C}
		{1B73DC92-0794-4B5C-8A1E-A76FCDF5279B} = {66759AE1-089A-4681-A9B1-B7AE021B2C58}
		{060B97E6-FD8A-425B-BEF8-41F6E7FAF4C9} = {1B73DC92-0794-4B5C-8A1E-A76FCDF5279B}
	EndGlobalSection
	GlobalSection(ExtensibilityGlobals) = postSolution
		SolutionGuid = {99B94AD7-442F-4F42-979B-1C558FCA0955}
	EndGlobalSection
EndGlobal
